
Microsoft Visual Studio Solution File, Format Version 12.00
# Visual Studio Version 16
VisualStudioVersion = 16.0.30330.147
MinimumVisualStudioVersion = 10.0.40219.1
Project("{9A19103F-16F7-4668-BE54-9A1E7A4F7556}") = "L5_Swagger", "L5_Swagger\L5_Swagger.csproj", "{D3D301B3-7911-415D-A22F-79BA2E6B6C73}"
EndProject
Global
	GlobalSection(SolutionConfigurationPlatforms) = preSolution
		Debug|Any CPU = Debug|Any CPU
		Release|Any CPU = Release|Any CPU
	EndGlobalSection
	GlobalSection(ProjectConfigurationPlatforms) = postSolution
		{D3D301B3-7911-415D-A22F-79BA2E6B6C73}.Debug|Any CPU.ActiveCfg = Debug|Any CPU
		{D3D301B3-7911-415D-A22F-79BA2E6B6C73}.Debug|Any CPU.Build.0 = Debug|Any CPU
		{D3D301B3-7911-415D-A22F-79BA2E6B6C73}.Release|Any CPU.ActiveCfg = Release|Any CPU
		{D3D301B3-7911-415D-A22F-79BA2E6B6C73}.Release|Any CPU.Build.0 = Release|Any CPU
	EndGlobalSection
	GlobalSection(SolutionProperties) = preSolution
		HideSolutionNode = FALSE
	EndGlobalSection
	GlobalSection(ExtensibilityGlobals) = postSolution
		SolutionGuid = {89697649-2CA4-42BD-B46B-01A2C98263AC}
	EndGlobalSection
EndGlobal
