
Microsoft Visual Studio Solution File, Format Version 12.00
# Visual Studio Version 16
VisualStudioVersion = 16.0.30330.147
MinimumVisualStudioVersion = 10.0.40219.1
Project("{FAE04EC0-301F-11D3-BF4B-00C04F79EFBC}") = "L2_DI_ServerObjectDI", "L2_DI_ServerObjectDI\L2_DI_ServerObjectDI.csproj", "{28ACFD40-D94C-4302-8F04-5806E80B5D55}"
EndProject
Global
	GlobalSection(SolutionConfigurationPlatforms) = preSolution
		Debug|Any CPU = Debug|Any CPU
		Release|Any CPU = Release|Any CPU
	EndGlobalSection
	GlobalSection(ProjectConfigurationPlatforms) = postSolution
		{28ACFD40-D94C-4302-8F04-5806E80B5D55}.Debug|Any CPU.ActiveCfg = Debug|Any CPU
		{28ACFD40-D94C-4302-8F04-5806E80B5D55}.Debug|Any CPU.Build.0 = Debug|Any CPU
		{28ACFD40-D94C-4302-8F04-5806E80B5D55}.Release|Any CPU.ActiveCfg = Release|Any CPU
		{28ACFD40-D94C-4302-8F04-5806E80B5D55}.Release|Any CPU.Build.0 = Release|Any CPU
	EndGlobalSection
	GlobalSection(SolutionProperties) = preSolution
		HideSolutionNode = FALSE
	EndGlobalSection
	GlobalSection(ExtensibilityGlobals) = postSolution
		SolutionGuid = {999952BE-B5CF-44AF-99B2-59372F783F9A}
	EndGlobalSection
EndGlobal
